{
  "name": "cli-41",
  "version": "0.0.2",
  "lockfileVersion": 3,
  "requires": true,
  "packages": {
    "": {
      "name": "cli-41",
      "version": "0.0.2",
      "license": "ISC",
      "dependencies": {
        "commander": "^10.0.1",
        "file-zippy": "^1.1.0"
      },
      "bin": {
        "cli-41": "src/index.js"
      }
    },
    "node_modules/adm-zip": {
      "version": "0.5.10",
      "resolved": "https://registry.npmjs.org/adm-zip/-/adm-zip-0.5.10.tgz",
      "integrity": "sha512-x0HvcHqVJNTPk/Bw8JbLWlWoo6Wwnsug0fnYYro1HBrjxZ3G7/AZk7Ahv8JwDe1uIcz8eBqvu86FuF1POiG7vQ==",
      "engines": {
        "node": ">=6.0"
      }
    },
    "node_modules/commander": {
      "version": "10.0.1",
      "resolved": "https://registry.npmjs.org/commander/-/commander-10.0.1.tgz",
      "integrity": "sha512-y4Mg2tXshplEbSGzx7amzPwKKOCGuoSRP/CjEdwwk0FOGlUbq6lKuoyDZTNZkmxHdJtp54hdfY/JUrdL7Xfdug==",
      "engines": {
        "node": ">=14"
      }
    },
    "node_modules/file-zippy": {
      "version": "1.1.0",
      "resolved": "https://registry.npmjs.org/file-zippy/-/file-zippy-1.1.0.tgz",
      "integrity": "sha512-sVIXcVsCW+2d46YSc0HJVLpdp0E2wGCtzU5TbzzsTthXQ5xTMxR4K05zI1KSuWvAE0xqAS5umtF8GclX2NIXHA==",
      "dependencies": {
        "adm-zip": "^0.5.10"
      }
    }
  }
}
